<?xml version="1.0" encoding="utf-8"?>
<Project ToolsVersion="17.0" xmlns="http://schemas.microsoft.com/developer/msbuild/2003">
  <ItemGroup>
    <CustomBuild Include="D:\libraries\micrograd.cpp\CMakeFiles\15b095d054e915ba784ff3c95de77b86\INSTALL_force.rule">
      <Filter>CMake Rules</Filter>
    </CustomBuild>
  </ItemGroup>
  <ItemGroup>
    <Filter Include="CMake Rules">
      <UniqueIdentifier>{89280C07-2C29-336D-A11C-EE6949BFFFA4}</UniqueIdentifier>
    </Filter>
  </ItemGroup>
</Project>
